// !$*UTF8*$!
{
	archiveVersion = 1;
	classes = {
	};
	objectVersion = 56;
	objects = {

/* Begin PBXBuildFile section */
		BD45B1CB29F076B4002286C4 /* OTUS_HW11_Suffix_ArrayApp.swift in Sources */ = {isa = PBXBuildFile; fileRef = BD45B1CA29F076B4002286C4 /* OTUS_HW11_Suffix_ArrayApp.swift */; };
		BD45B1CD29F076B4002286C4 /* ContentView.swift in Sources */ = {isa = PBXBuildFile; fileRef = BD45B1CC29F076B4002286C4 /* ContentView.swift */; };
		BD45B1CF29F076B6002286C4 /* Assets.xcassets in Resources */ = {isa = PBXBuildFile; fileRef = BD45B1CE29F076B6002286C4 /* Assets.xcassets */; };
		BD45B1D229F076B6002286C4 /* Preview Assets.xcassets in Resources */ = {isa = PBXBuildFile; fileRef = BD45B1D129F076B6002286C4 /* Preview Assets.xcassets */; };
		BD45B1DB29F077CF002286C4 /* SuffixArray.swift in Sources */ = {isa = PBXBuildFile; fileRef = BD45B1DA29F077CF002286C4 /* SuffixArray.swift */; };
		BD45B1E629F07AEA002286C4 /* SuffixViewModel.swift in Sources */ = {isa = PBXBuildFile; fileRef = BD45B1E529F07AEA002286C4 /* SuffixViewModel.swift */; };
		BDF6CF392A16103200D26CBC /* JobQueue.swift in Sources */ = {isa = PBXBuildFile; fileRef = BDF6CF382A16103200D26CBC /* JobQueue.swift */; };
		BDF6CF3B2A161BA300D26CBC /* String+Extension.swift in Sources */ = {isa = PBXBuildFile; fileRef = BDF6CF3A2A161BA300D26CBC /* String+Extension.swift */; };
/* End PBXBuildFile section */

/* Begin PBXFileReference section */
		BD45B1C729F076B4002286C4 /* OTUS HW11 Suffix Array.app */ = {isa = PBXFileReference; explicitFileType = wrapper.application; includeInIndex = 0; path = "OTUS HW11 Suffix Array.app"; sourceTree = BUILT_PRODUCTS_DIR; };
		BD45B1CA29F076B4002286C4 /* OTUS_HW11_Suffix_ArrayApp.swift */ = {isa = PBXFileReference; lastKnownFileType = sourcecode.swift; path = OTUS_HW11_Suffix_ArrayApp.swift; sourceTree = "<group>"; };
		BD45B1CC29F076B4002286C4 /* ContentView.swift */ = {isa = PBXFileReference; lastKnownFileType = sourcecode.swift; path = ContentView.swift; sourceTree = "<group>"; };
		BD45B1CE29F076B6002286C4 /* Assets.xcassets */ = {isa = PBXFileReference; lastKnownFileType = folder.assetcatalog; path = Assets.xcassets; sourceTree = "<group>"; };
		BD45B1D129F076B6002286C4 /* Preview Assets.xcassets */ = {isa = PBXFileReference; lastKnownFileType = folder.assetcatalog; path = "Preview Assets.xcassets"; sourceTree = "<group>"; };
		BD45B1DA29F077CF002286C4 /* SuffixArray.swift */ = {isa = PBXFileReference; lastKnownFileType = sourcecode.swift; path = SuffixArray.swift; sourceTree = "<group>"; };
		BD45B1E529F07AEA002286C4 /* SuffixViewModel.swift */ = {isa = PBXFileReference; lastKnownFileType = sourcecode.swift; path = SuffixViewModel.swift; sourceTree = "<group>"; };
		BDF6CF382A16103200D26CBC /* JobQueue.swift */ = {isa = PBXFileReference; lastKnownFileType = sourcecode.swift; path = JobQueue.swift; sourceTree = "<group>"; };
		BDF6CF3A2A161BA300D26CBC /* String+Extension.swift */ = {isa = PBXFileReference; lastKnownFileType = sourcecode.swift; path = "String+Extension.swift"; sourceTree = "<group>"; };
/* End PBXFileReference section */

/* Begin PBXFrameworksBuildPhase section */
		BD45B1C429F076B4002286C4 /* Frameworks */ = {
			isa = PBXFrameworksBuildPhase;
			buildActionMask = 2147483647;
			files = (
			);
			runOnlyForDeploymentPostprocessing = 0;
		};
/* End PBXFrameworksBuildPhase section */

/* Begin PBXGroup section */
		BD45B1BE29F076B4002286C4 = {
			isa = PBXGroup;
			children = (
				BD45B1C929F076B4002286C4 /* OTUS HW11 Suffix Array */,
				BD45B1C829F076B4002286C4 /* Products */,
			);
			sourceTree = "<group>";
		};
		BD45B1C829F076B4002286C4 /* Products */ = {
			isa = PBXGroup;
			children = (
				BD45B1C729F076B4002286C4 /* OTUS HW11 Suffix Array.app */,
			);
			name = Products;
			sourceTree = "<group>";
		};
		BD45B1C929F076B4002286C4 /* OTUS HW11 Suffix Array */ = {
			isa = PBXGroup;
			children = (
				BD45B1E829F07C7E002286C4 /* ViewModels */,
				BD45B1DE29F07885002286C4 /* Suffix */,
				BD45B1CA29F076B4002286C4 /* OTUS_HW11_Suffix_ArrayApp.swift */,
				BD45B1CC29F076B4002286C4 /* ContentView.swift */,
				BDF6CF382A16103200D26CBC /* JobQueue.swift */,
				BDF6CF3A2A161BA300D26CBC /* String+Extension.swift */,
				BD45B1CE29F076B6002286C4 /* Assets.xcassets */,
				BD45B1D029F076B6002286C4 /* Preview Content */,
			);
			path = "OTUS HW11 Suffix Array";
			sourceTree = "<group>";
		};
		BD45B1D029F076B6002286C4 /* Preview Content */ = {
			isa = PBXGroup;
			children = (
				BD45B1D129F076B6002286C4 /* Preview Assets.xcassets */,
			);
			path = "Preview Content";
			sourceTree = "<group>";
		};
		BD45B1DE29F07885002286C4 /* Suffix */ = {
			isa = PBXGroup;
			children = (
				BD45B1DA29F077CF002286C4 /* SuffixArray.swift */,
			);
			path = Suffix;
			sourceTree = "<group>";
		};
		BD45B1E829F07C7E002286C4 /* ViewModels */ = {
			isa = PBXGroup;
			children = (
				BD45B1E529F07AEA002286C4 /* SuffixViewModel.swift */,
			);
			path = ViewModels;
			sourceTree = "<group>";
		};
/* End PBXGroup section */

/* Begin PBXNativeTarget section */
		BD45B1C629F076B4002286C4 /* OTUS HW11 Suffix Array */ = {
			isa = PBXNativeTarget;
			buildConfigurationList = BD45B1D529F076B6002286C4 /* Build configuration list for PBXNativeTarget "OTUS HW11 Suffix Array" */;
			buildPhases = (
				BD45B1C329F076B4002286C4 /* Sources */,
				BD45B1C429F076B4002286C4 /* Frameworks */,
				BD45B1C529F076B4002286C4 /* Resources */,
			);
			buildRules = (
			);
			dependencies = (
			);
			name = "OTUS HW11 Suffix Array";
			productName = "OTUS HW11 Suffix Array";
			productReference = BD45B1C729F076B4002286C4 /* OTUS HW11 Suffix Array.app */;
			productType = "com.apple.product-type.application";
		};
/* End PBXNativeTarget section */

/* Begin PBXProject section */
		BD45B1BF29F076B4002286C4 /* Project object */ = {
			isa = PBXProject;
			attributes = {
				BuildIndependentTargetsInParallel = 1;
				LastSwiftUpdateCheck = 1400;
				LastUpgradeCheck = 1400;
				TargetAttributes = {
					BD45B1C629F076B4002286C4 = {
						CreatedOnToolsVersion = 14.0.1;
					};
				};
			};
			buildConfigurationList = BD45B1C229F076B4002286C4 /* Build configuration list for PBXProject "OTUS HW11 Suffix Array" */;
			compatibilityVersion = "Xcode 14.0";
			developmentRegion = en;
			hasScannedForEncodings = 0;
			knownRegions = (
				en,
				Base,
			);
			mainGroup = BD45B1BE29F076B4002286C4;
			productRefGroup = BD45B1C829F076B4002286C4 /* Products */;
			projectDirPath = "";
			projectRoot = "";
			targets = (
				BD45B1C629F076B4002286C4 /* OTUS HW11 Suffix Array */,
			);
		};
/* End PBXProject section */

/* Begin PBXResourcesBuildPhase section */
		BD45B1C529F076B4002286C4 /* Resources */ = {
			isa = PBXResourcesBuildPhase;
			buildActionMask = 2147483647;
			files = (
				BD45B1D229F076B6002286C4 /* Preview Assets.xcassets in Resources */,
				BD45B1CF29F076B6002286C4 /* Assets.xcassets in Resources */,
			);
			runOnlyForDeploymentPostprocessing = 0;
		};
/* End PBXResourcesBuildPhase section */

/* Begin PBXSourcesBuildPhase section */
		BD45B1C329F076B4002286C4 /* Sources */ = {
			isa = PBXSourcesBuildPhase;
			buildActionMask = 2147483647;
			files = (
				BD45B1CD29F076B4002286C4 /* ContentView.swift in Sources */,
				BD45B1E629F07AEA002286C4 /* SuffixViewModel.swift in Sources */,
				BD45B1CB29F076B4002286C4 /* OTUS_HW11_Suffix_ArrayApp.swift in Sources */,
				BD45B1DB29F077CF002286C4 /* SuffixArray.swift in Sources */,
				BDF6CF3B2A161BA300D26CBC /* String+Extension.swift in Sources */,
				BDF6CF392A16103200D26CBC /* JobQueue.swift in Sources */,
			);
			runOnlyForDeploymentPostprocessing = 0;
		};
/* End PBXSourcesBuildPhase section */

/* Begin XCBuildConfiguration section */
		BD45B1D329F076B6002286C4 /* Debug */ = {
			isa = XCBuildConfiguration;
			buildSettings = {
				ALWAYS_SEARCH_USER_PATHS = NO;
				CLANG_ANALYZER_NONNULL = YES;
				CLANG_ANALYZER_NUMBER_OBJECT_CONVERSION = YES_AGGRESSIVE;
				CLANG_CXX_LANGUAGE_STANDARD = "gnu++20";
				CLANG_ENABLE_MODULES = YES;
				CLANG_ENABLE_OBJC_ARC = YES;
				CLANG_ENABLE_OBJC_WEAK = YES;
				CLANG_WARN_BLOCK_CAPTURE_AUTORELEASING = YES;
				CLANG_WARN_BOOL_CONVERSION = YES;
				CLANG_WARN_COMMA = YES;
				CLANG_WARN_CONSTANT_CONVERSION = YES;
				CLANG_WARN_DEPRECATED_OBJC_IMPLEMENTATIONS = YES;
				CLANG_WARN_DIRECT_OBJC_ISA_USAGE = YES_ERROR;
				CLANG_WARN_DOCUMENTATION_COMMENTS = YES;
				CLANG_WARN_EMPTY_BODY = YES;
				CLANG_WARN_ENUM_CONVERSION = YES;
				CLANG_WARN_INFINITE_RECURSION = YES;
				CLANG_WARN_INT_CONVERSION = YES;
				CLANG_WARN_NON_LITERAL_NULL_CONVERSION = YES;
				CLANG_WARN_OBJC_IMPLICIT_RETAIN_SELF = YES;
				CLANG_WARN_OBJC_LITERAL_CONVERSION = YES;
				CLANG_WARN_OBJC_ROOT_CLASS = YES_ERROR;
				CLANG_WARN_QUOTED_INCLUDE_IN_FRAMEWORK_HEADER = YES;
				CLANG_WARN_RANGE_LOOP_ANALYSIS = YES;
				CLANG_WARN_STRICT_PROTOTYPES = YES;
				CLANG_WARN_SUSPICIOUS_MOVE = YES;
				CLANG_WARN_UNGUARDED_AVAILABILITY = YES_AGGRESSIVE;
				CLANG_WARN_UNREACHABLE_CODE = YES;
				CLANG_WARN__DUPLICATE_METHOD_MATCH = YES;
				COPY_PHASE_STRIP = NO;
				DEBUG_INFORMATION_FORMAT = dwarf;
				ENABLE_STRICT_OBJC_MSGSEND = YES;
				ENABLE_TESTABILITY = YES;
				GCC_C_LANGUAGE_STANDARD = gnu11;
				GCC_DYNAMIC_NO_PIC = NO;
				GCC_NO_COMMON_BLOCKS = YES;
				GCC_OPTIMIZATION_LEVEL = 0;
				GCC_PREPROCESSOR_DEFINITIONS = (
					"DEBUG=1",
					"$(inherited)",
				);
				GCC_WARN_64_TO_32_BIT_CONVERSION = YES;
				GCC_WARN_ABOUT_RETURN_TYPE = YES_ERROR;
				GCC_WARN_UNDECLARED_SELECTOR = YES;
				GCC_WARN_UNINITIALIZED_AUTOS = YES_AGGRESSIVE;
				GCC_WARN_UNUSED_FUNCTION = YES;
				GCC_WARN_UNUSED_VARIABLE = YES;
				IPHONEOS_DEPLOYMENT_TARGET = 16.0;
				MTL_ENABLE_DEBUG_INFO = INCLUDE_SOURCE;
				MTL_FAST_MATH = YES;
				ONLY_ACTIVE_ARCH = YES;
				SDKROOT = iphoneos;
				SWIFT_ACTIVE_COMPILATION_CONDITIONS = DEBUG;
				SWIFT_OPTIMIZATION_LEVEL = "-Onone";
			};
			name = Debug;
		};
		BD45B1D429F076B6002286C4 /* Release */ = {
			isa = XCBuildConfiguration;
			buildSettings = {
				ALWAYS_SEARCH_USER_PATHS = NO;
				CLANG_ANALYZER_NONNULL = YES;
				CLANG_ANALYZER_NUMBER_OBJECT_CONVERSION = YES_AGGRESSIVE;
				CLANG_CXX_LANGUAGE_STANDARD = "gnu++20";
				CLANG_ENABLE_MODULES = YES;
				CLANG_ENABLE_OBJC_ARC = YES;
				CLANG_ENABLE_OBJC_WEAK = YES;
				CLANG_WARN_BLOCK_CAPTURE_AUTORELEASING = YES;
				CLANG_WARN_BOOL_CONVERSION = YES;
				CLANG_WARN_COMMA = YES;
				CLANG_WARN_CONSTANT_CONVERSION = YES;
				CLANG_WARN_DEPRECATED_OBJC_IMPLEMENTATIONS = YES;
				CLANG_WARN_DIRECT_OBJC_ISA_USAGE = YES_ERROR;
				CLANG_WARN_DOCUMENTATION_COMMENTS = YES;
				CLANG_WARN_EMPTY_BODY = YES;
				CLANG_WARN_ENUM_CONVERSION = YES;
				CLANG_WARN_INFINITE_RECURSION = YES;
				CLANG_WARN_INT_CONVERSION = YES;
				CLANG_WARN_NON_LITERAL_NULL_CONVERSION = YES;
				CLANG_WARN_OBJC_IMPLICIT_RETAIN_SELF = YES;
				CLANG_WARN_OBJC_LITERAL_CONVERSION = YES;
				CLANG_WARN_OBJC_ROOT_CLASS = YES_ERROR;
				CLANG_WARN_QUOTED_INCLUDE_IN_FRAMEWORK_HEADER = YES;
				CLANG_WARN_RANGE_LOOP_ANALYSIS = YES;
				CLANG_WARN_STRICT_PROTOTYPES = YES;
				CLANG_WARN_SUSPICIOUS_MOVE = YES;
				CLANG_WARN_UNGUARDED_AVAILABILITY = YES_AGGRESSIVE;
				CLANG_WARN_UNREACHABLE_CODE = YES;
				CLANG_WARN__DUPLICATE_METHOD_MATCH = YES;
				COPY_PHASE_STRIP = NO;
				DEBUG_INFORMATION_FORMAT = "dwarf-with-dsym";
				ENABLE_NS_ASSERTIONS = NO;
				ENABLE_STRICT_OBJC_MSGSEND = YES;
				GCC_C_LANGUAGE_STANDARD = gnu11;
				GCC_NO_COMMON_BLOCKS = YES;
				GCC_WARN_64_TO_32_BIT_CONVERSION = YES;
				GCC_WARN_ABOUT_RETURN_TYPE = YES_ERROR;
				GCC_WARN_UNDECLARED_SELECTOR = YES;
				GCC_WARN_UNINITIALIZED_AUTOS = YES_AGGRESSIVE;
				GCC_WARN_UNUSED_FUNCTION = YES;
				GCC_WARN_UNUSED_VARIABLE = YES;
				IPHONEOS_DEPLOYMENT_TARGET = 16.0;
				MTL_ENABLE_DEBUG_INFO = NO;
				MTL_FAST_MATH = YES;
				SDKROOT = iphoneos;
				SWIFT_COMPILATION_MODE = wholemodule;
				SWIFT_OPTIMIZATION_LEVEL = "-O";
				VALIDATE_PRODUCT = YES;
			};
			name = Release;
		};
		BD45B1D629F076B6002286C4 /* Debug */ = {
			isa = XCBuildConfiguration;
			buildSettings = {
				ASSETCATALOG_COMPILER_APPICON_NAME = AppIcon;
				ASSETCATALOG_COMPILER_GLOBAL_ACCENT_COLOR_NAME = AccentColor;
				CODE_SIGN_STYLE = Automatic;
				CURRENT_PROJECT_VERSION = 1;
				DEVELOPMENT_ASSET_PATHS = "\"OTUS HW11 Suffix Array/Preview Content\"";
				DEVELOPMENT_TEAM = 2H2TF9RPVD;
				ENABLE_PREVIEWS = YES;
				GENERATE_INFOPLIST_FILE = YES;
				INFOPLIST_KEY_UIApplicationSceneManifest_Generation = YES;
				INFOPLIST_KEY_UIApplicationSupportsIndirectInputEvents = YES;
				INFOPLIST_KEY_UILaunchScreen_Generation = YES;
				INFOPLIST_KEY_UISupportedInterfaceOrientations_iPad = "UIInterfaceOrientationPortrait UIInterfaceOrientationPortraitUpsideDown UIInterfaceOrientationLandscapeLeft UIInterfaceOrientationLandscapeRight";
				INFOPLIST_KEY_UISupportedInterfaceOrientations_iPhone = "UIInterfaceOrientationPortrait UIInterfaceOrientationLandscapeLeft UIInterfaceOrientationLandscapeRight";
				LD_RUNPATH_SEARCH_PATHS = (
					"$(inherited)",
					"@executable_path/Frameworks",
				);
				MARKETING_VERSION = 1.0;
				PRODUCT_BUNDLE_IDENTIFIER = "com.kasianov.OTUS-HW11-Suffix-Array";
				PRODUCT_NAME = "$(TARGET_NAME)";
				SWIFT_EMIT_LOC_STRINGS = YES;
				SWIFT_VERSION = 5.0;
				TARGETED_DEVICE_FAMILY = "1,2";
			};
			name = Debug;
		};
		BD45B1D729F076B6002286C4 /* Release */ = {
			isa = XCBuildConfiguration;
			buildSettings = {
				ASSETCATALOG_COMPILER_APPICON_NAME = AppIcon;
				ASSETCATALOG_COMPILER_GLOBAL_ACCENT_COLOR_NAME = AccentColor;
				CODE_SIGN_STYLE = Automatic;
				CURRENT_PROJECT_VERSION = 1;
				DEVELOPMENT_ASSET_PATHS = "\"OTUS HW11 Suffix Array/Preview Content\"";
				DEVELOPMENT_TEAM = 2H2TF9RPVD;
				ENABLE_PREVIEWS = YES;
				GENERATE_INFOPLIST_FILE = YES;
				INFOPLIST_KEY_UIApplicationSceneManifest_Generation = YES;
				INFOPLIST_KEY_UIApplicationSupportsIndirectInputEvents = YES;
				INFOPLIST_KEY_UILaunchScreen_Generation = YES;
				INFOPLIST_KEY_UISupportedInterfaceOrientations_iPad = "UIInterfaceOrientationPortrait UIInterfaceOrientationPortraitUpsideDown UIInterfaceOrientationLandscapeLeft UIInterfaceOrientationLandscapeRight";
				INFOPLIST_KEY_UISupportedInterfaceOrientations_iPhone = "UIInterfaceOrientationPortrait UIInterfaceOrientationLandscapeLeft UIInterfaceOrientationLandscapeRight";
				LD_RUNPATH_SEARCH_PATHS = (
					"$(inherited)",
					"@executable_path/Frameworks",
				);
				MARKETING_VERSION = 1.0;
				PRODUCT_BUNDLE_IDENTIFIER = "com.kasianov.OTUS-HW11-Suffix-Array";
				PRODUCT_NAME = "$(TARGET_NAME)";
				SWIFT_EMIT_LOC_STRINGS = YES;
				SWIFT_VERSION = 5.0;
				TARGETED_DEVICE_FAMILY = "1,2";
			};
			name = Release;
		};
/* End XCBuildConfiguration section */

/* Begin XCConfigurationList section */
		BD45B1C229F076B4002286C4 /* Build configuration list for PBXProject "OTUS HW11 Suffix Array" */ = {
			isa = XCConfigurationList;
			buildConfigurations = (
				BD45B1D329F076B6002286C4 /* Debug */,
				BD45B1D429F076B6002286C4 /* Release */,
			);
			defaultConfigurationIsVisible = 0;
			defaultConfigurationName = Release;
		};
		BD45B1D529F076B6002286C4 /* Build configuration list for PBXNativeTarget "OTUS HW11 Suffix Array" */ = {
			isa = XCConfigurationList;
			buildConfigurations = (
				BD45B1D629F076B6002286C4 /* Debug */,
				BD45B1D729F076B6002286C4 /* Release */,
			);
			defaultConfigurationIsVisible = 0;
			defaultConfigurationName = Release;
		};
/* End XCConfigurationList section */
	};
	rootObject = BD45B1BF29F076B4002286C4 /* Project object */;
}
